
Microsoft Visual Studio Solution File, Format Version 12.00
# Visual Studio Version 17
VisualStudioVersion = 17.7.34024.191
MinimumVisualStudioVersion = 10.0.40219.1
Project("{2150E333-8FDC-42A3-9474-1A3956D46DE8}") = "Task0", "Task0", "{65DB8C86-E20B-4CE0-8056-B2C006C89420}"
EndProject
Project("{FAE04EC0-301F-11D3-BF4B-00C04F79EFBC}") = "Tyuiu.NasyrovaVR.Sprint6.Task0.V10.Lib", "Tyuiu.NasyrovaVR.Sprint6.Task0.V10.Lib\Tyuiu.NasyrovaVR.Sprint6.Task0.V10.Lib.csproj", "{788300C2-048F-495B-9463-98623E0195FB}"
EndProject
Project("{FAE04EC0-301F-11D3-BF4B-00C04F79EFBC}") = "Tyuiu.NasyrovaVR.Sprint6.Task0.V10.Test", "Tyuiu.NasyrovaVR.Sprint6.Task0.V10.Test\Tyuiu.NasyrovaVR.Sprint6.Task0.V10.Test.csproj", "{3A5BE57E-388B-4398-BF4B-B589E67BDF6D}"
EndProject
Project("{FAE04EC0-301F-11D3-BF4B-00C04F79EFBC}") = "Tyuiu.NasyrovaVR.Sprint6.Task0.V10", "Tyuiu.NasyrovaVR.Sprint6.Task0.V10\Tyuiu.NasyrovaVR.Sprint6.Task0.V10.csproj", "{1CF6F1EF-D1B3-4943-9BDE-62053C316D7C}"
EndProject
Project("{2150E333-8FDC-42A3-9474-1A3956D46DE8}") = "Task1", "Task1", "{03522EF4-4D69-4BF7-8643-F83F42EED1AB}"
EndProject
Project("{FAE04EC0-301F-11D3-BF4B-00C04F79EFBC}") = "Tyuiu.NasyrovaVR.Sprint6.Task1.V7.Lib", "Tyuiu.NasyrovaVR.Sprint6.Task1.V7.Lib\Tyuiu.NasyrovaVR.Sprint6.Task1.V7.Lib.csproj", "{164E34BF-3658-47D5-8838-703AACFE322D}"
EndProject
Project("{FAE04EC0-301F-11D3-BF4B-00C04F79EFBC}") = "Tyuiu.NasyrovaVR.Sprint6.Task1.V7.Test", "Tyuiu.NasyrovaVR.Sprint6.Task1.V7.Test\Tyuiu.NasyrovaVR.Sprint6.Task1.V7.Test.csproj", "{BD31D819-C283-4655-84E1-0E5B07E5BA86}"
EndProject
Project("{FAE04EC0-301F-11D3-BF4B-00C04F79EFBC}") = "Tyuiu.NasyrovaVR.Sprint6.Task1.V7", "Tyuiu.NasyrovaVR.Sprint6.Task1.V7\Tyuiu.NasyrovaVR.Sprint6.Task1.V7.csproj", "{A950E384-1D07-42DC-A734-ACCD29A7C577}"
EndProject
Project("{2150E333-8FDC-42A3-9474-1A3956D46DE8}") = "Task2", "Task2", "{BACA14A7-26D9-4953-8BF3-0538D7579B1E}"
EndProject
Project("{FAE04EC0-301F-11D3-BF4B-00C04F79EFBC}") = "Tyuiu.NasyrovaVR.Sprint6.Task2.V26", "Tyuiu.NasyrovaVR.Sprint6.Task2.V26\Tyuiu.NasyrovaVR.Sprint6.Task2.V26.csproj", "{06F2A710-A351-4EC2-879F-8438EE5614B2}"
EndProject
Project("{FAE04EC0-301F-11D3-BF4B-00C04F79EFBC}") = "Tyuiu.NasyrovaVR.Sprint6.Task2.V26.Lib", "Tyuiu.NasyrovaVR.Sprint6.Task2.V26.Lib\Tyuiu.NasyrovaVR.Sprint6.Task2.V26.Lib.csproj", "{A6DDF404-2C94-459A-B75D-9881C4AD8042}"
EndProject
Project("{FAE04EC0-301F-11D3-BF4B-00C04F79EFBC}") = "Tyuiu.NasyrovaVR.Sprint6.Task2.V26.Test", "Tyuiu.NasyrovaVR.Sprint6.Task2.V26.Test\Tyuiu.NasyrovaVR.Sprint6.Task2.V26.Test.csproj", "{40811FE9-7F62-4175-8234-B12B270BA585}"
EndProject
Project("{2150E333-8FDC-42A3-9474-1A3956D46DE8}") = "Task3", "Task3", "{919EF613-D346-41C0-8EE8-69A0C7CC6659}"
EndProject
Project("{FAE04EC0-301F-11D3-BF4B-00C04F79EFBC}") = "Tyuiu.NasyrovaVR.Sprint6.Task3.V4", "Tyuiu.NasyrovaVR.Sprint6.Task3.V4\Tyuiu.NasyrovaVR.Sprint6.Task3.V4.csproj", "{F0A46EBA-BDD0-4FDF-B56B-CFDE45489259}"
EndProject
Project("{FAE04EC0-301F-11D3-BF4B-00C04F79EFBC}") = "Tyuiu.NasyrovaVR.Sprint6.Task3.V4.Lib", "Tyuiu.NasyrovaVR.Sprint6.Task3.V4.Lib\Tyuiu.NasyrovaVR.Sprint6.Task3.V4.Lib.csproj", "{3404EE63-3AA0-499D-B9ED-65CE1ABE7CA4}"
EndProject
Project("{FAE04EC0-301F-11D3-BF4B-00C04F79EFBC}") = "Tyuiu.NasyrovaVR.Sprint6.Task3.V4.Test", "Tyuiu.NasyrovaVR.Sprint6.Task3.V4.Test\Tyuiu.NasyrovaVR.Sprint6.Task3.V4.Test.csproj", "{7CDCB35E-7632-4A5C-86F3-A68B98F07926}"
EndProject
Project("{2150E333-8FDC-42A3-9474-1A3956D46DE8}") = "Task4", "Task4", "{1204C38E-0D02-4ED4-9CA0-70335561808B}"
EndProject
Project("{FAE04EC0-301F-11D3-BF4B-00C04F79EFBC}") = "Tyuiu.NasyrovaVR.Sprint6.Task4.V11", "Tyuiu.NasyrovaVR.Sprint6.Task4.V11\Tyuiu.NasyrovaVR.Sprint6.Task4.V11.csproj", "{D0980AB3-3779-47A7-8AF0-23E86487DFEA}"
EndProject
Project("{FAE04EC0-301F-11D3-BF4B-00C04F79EFBC}") = "Tyuiu.NasyrovaVR.Sprint6.Task4.V11.Lib", "Tyuiu.NasyrovaVR.Sprint6.Task4.V11.Lib\Tyuiu.NasyrovaVR.Sprint6.Task4.V11.Lib.csproj", "{2670C431-1C07-4AAC-9BA0-32F215DDE088}"
EndProject
Project("{FAE04EC0-301F-11D3-BF4B-00C04F79EFBC}") = "Tyuiu.NasyrovaVR.Sprint6.Task4.V11.Test", "Tyuiu.NasyrovaVR.Sprint6.Task4.V11.Test\Tyuiu.NasyrovaVR.Sprint6.Task4.V11.Test.csproj", "{20F50C72-7AC3-4993-AC9C-9F1CD6DB2630}"
EndProject
Project("{2150E333-8FDC-42A3-9474-1A3956D46DE8}") = "Task5", "Task5", "{1D4540FF-622E-450C-8182-5D09F4A38999}"
EndProject
Project("{FAE04EC0-301F-11D3-BF4B-00C04F79EFBC}") = "Tyuiu.NasyrovaVR.Sprint6.Task5.V16", "Tyuiu.NasyrovaVR.Sprint6.Task5.V16\Tyuiu.NasyrovaVR.Sprint6.Task5.V16.csproj", "{8AC1B1B4-81B1-4F5E-A8BA-F785D7C294CA}"
EndProject
Project("{FAE04EC0-301F-11D3-BF4B-00C04F79EFBC}") = "Tyuiu.NasyrovaVR.Sprint6.Task5.V16.Lib", "Tyuiu.NasyrovaVR.Sprint6.Task5.V16.Lib\Tyuiu.NasyrovaVR.Sprint6.Task5.V16.Lib.csproj", "{AE99AF7D-A4DA-417B-A1AC-12116DE1F06C}"
EndProject
Project("{FAE04EC0-301F-11D3-BF4B-00C04F79EFBC}") = "Tyuiu.NasyrovaVR.Sprint6.Task5.V16.Test", "Tyuiu.NasyrovaVR.Sprint6.Task5.V16.Test\Tyuiu.NasyrovaVR.Sprint6.Task5.V16.Test.csproj", "{C0A872F8-DF77-4A1F-8E93-61E5C16A7FB9}"
EndProject
Project("{2150E333-8FDC-42A3-9474-1A3956D46DE8}") = "Task6", "Task6", "{DBC9E7DF-8090-4156-8CA6-161A78291664}"
EndProject
Project("{FAE04EC0-301F-11D3-BF4B-00C04F79EFBC}") = "Tyuiu.NasyrovaVR.Sprint6.Task6.V24", "Tyuiu.NasyrovaVR.Sprint6.Task6.V24\Tyuiu.NasyrovaVR.Sprint6.Task6.V24.csproj", "{6336143E-7F46-46EA-9442-3B46A1993B0C}"
EndProject
Project("{FAE04EC0-301F-11D3-BF4B-00C04F79EFBC}") = "Tyuiu.NasyrovaVR.Sprint6.Task6.V24.Lib", "Tyuiu.NasyrovaVR.Sprint6.Task6.V24.Lib\Tyuiu.NasyrovaVR.Sprint6.Task6.V24.Lib.csproj", "{CDE1D3B0-A8BA-4417-902E-9CC57AF6C51C}"
EndProject
Project("{FAE04EC0-301F-11D3-BF4B-00C04F79EFBC}") = "Tyuiu.NasyrovaVR.Sprint6.Task6.V24.Test", "Tyuiu.NasyrovaVR.Sprint6.Task6.V24.Test\Tyuiu.NasyrovaVR.Sprint6.Task6.V24.Test.csproj", "{F21CCDD9-E2B0-40D7-9C2A-2853BA97FF44}"
EndProject
Global
	GlobalSection(SolutionConfigurationPlatforms) = preSolution
		Debug|Any CPU = Debug|Any CPU
		Release|Any CPU = Release|Any CPU
	EndGlobalSection
	GlobalSection(ProjectConfigurationPlatforms) = postSolution
		{788300C2-048F-495B-9463-98623E0195FB}.Debug|Any CPU.ActiveCfg = Debug|Any CPU
		{788300C2-048F-495B-9463-98623E0195FB}.Debug|Any CPU.Build.0 = Debug|Any CPU
		{788300C2-048F-495B-9463-98623E0195FB}.Release|Any CPU.ActiveCfg = Release|Any CPU
		{788300C2-048F-495B-9463-98623E0195FB}.Release|Any CPU.Build.0 = Release|Any CPU
		{3A5BE57E-388B-4398-BF4B-B589E67BDF6D}.Debug|Any CPU.ActiveCfg = Debug|Any CPU
		{3A5BE57E-388B-4398-BF4B-B589E67BDF6D}.Debug|Any CPU.Build.0 = Debug|Any CPU
		{3A5BE57E-388B-4398-BF4B-B589E67BDF6D}.Release|Any CPU.ActiveCfg = Release|Any CPU
		{3A5BE57E-388B-4398-BF4B-B589E67BDF6D}.Release|Any CPU.Build.0 = Release|Any CPU
		{1CF6F1EF-D1B3-4943-9BDE-62053C316D7C}.Debug|Any CPU.ActiveCfg = Debug|Any CPU
		{1CF6F1EF-D1B3-4943-9BDE-62053C316D7C}.Debug|Any CPU.Build.0 = Debug|Any CPU
		{1CF6F1EF-D1B3-4943-9BDE-62053C316D7C}.Release|Any CPU.ActiveCfg = Release|Any CPU
		{1CF6F1EF-D1B3-4943-9BDE-62053C316D7C}.Release|Any CPU.Build.0 = Release|Any CPU
		{164E34BF-3658-47D5-8838-703AACFE322D}.Debug|Any CPU.ActiveCfg = Debug|Any CPU
		{164E34BF-3658-47D5-8838-703AACFE322D}.Debug|Any CPU.Build.0 = Debug|Any CPU
		{164E34BF-3658-47D5-8838-703AACFE322D}.Release|Any CPU.ActiveCfg = Release|Any CPU
		{164E34BF-3658-47D5-8838-703AACFE322D}.Release|Any CPU.Build.0 = Release|Any CPU
		{BD31D819-C283-4655-84E1-0E5B07E5BA86}.Debug|Any CPU.ActiveCfg = Debug|Any CPU
		{BD31D819-C283-4655-84E1-0E5B07E5BA86}.Debug|Any CPU.Build.0 = Debug|Any CPU
		{BD31D819-C283-4655-84E1-0E5B07E5BA86}.Release|Any CPU.ActiveCfg = Release|Any CPU
		{BD31D819-C283-4655-84E1-0E5B07E5BA86}.Release|Any CPU.Build.0 = Release|Any CPU
		{A950E384-1D07-42DC-A734-ACCD29A7C577}.Debug|Any CPU.ActiveCfg = Debug|Any CPU
		{A950E384-1D07-42DC-A734-ACCD29A7C577}.Debug|Any CPU.Build.0 = Debug|Any CPU
		{A950E384-1D07-42DC-A734-ACCD29A7C577}.Release|Any CPU.ActiveCfg = Release|Any CPU
		{A950E384-1D07-42DC-A734-ACCD29A7C577}.Release|Any CPU.Build.0 = Release|Any CPU
		{06F2A710-A351-4EC2-879F-8438EE5614B2}.Debug|Any CPU.ActiveCfg = Debug|Any CPU
		{06F2A710-A351-4EC2-879F-8438EE5614B2}.Debug|Any CPU.Build.0 = Debug|Any CPU
		{06F2A710-A351-4EC2-879F-8438EE5614B2}.Release|Any CPU.ActiveCfg = Release|Any CPU
		{06F2A710-A351-4EC2-879F-8438EE5614B2}.Release|Any CPU.Build.0 = Release|Any CPU
		{A6DDF404-2C94-459A-B75D-9881C4AD8042}.Debug|Any CPU.ActiveCfg = Debug|Any CPU
		{A6DDF404-2C94-459A-B75D-9881C4AD8042}.Debug|Any CPU.Build.0 = Debug|Any CPU
		{A6DDF404-2C94-459A-B75D-9881C4AD8042}.Release|Any CPU.ActiveCfg = Release|Any CPU
		{A6DDF404-2C94-459A-B75D-9881C4AD8042}.Release|Any CPU.Build.0 = Release|Any CPU
		{40811FE9-7F62-4175-8234-B12B270BA585}.Debug|Any CPU.ActiveCfg = Debug|Any CPU
		{40811FE9-7F62-4175-8234-B12B270BA585}.Debug|Any CPU.Build.0 = Debug|Any CPU
		{40811FE9-7F62-4175-8234-B12B270BA585}.Release|Any CPU.ActiveCfg = Release|Any CPU
		{40811FE9-7F62-4175-8234-B12B270BA585}.Release|Any CPU.Build.0 = Release|Any CPU
		{F0A46EBA-BDD0-4FDF-B56B-CFDE45489259}.Debug|Any CPU.ActiveCfg = Debug|Any CPU
		{F0A46EBA-BDD0-4FDF-B56B-CFDE45489259}.Debug|Any CPU.Build.0 = Debug|Any CPU
		{F0A46EBA-BDD0-4FDF-B56B-CFDE45489259}.Release|Any CPU.ActiveCfg = Release|Any CPU
		{F0A46EBA-BDD0-4FDF-B56B-CFDE45489259}.Release|Any CPU.Build.0 = Release|Any CPU
		{3404EE63-3AA0-499D-B9ED-65CE1ABE7CA4}.Debug|Any CPU.ActiveCfg = Debug|Any CPU
		{3404EE63-3AA0-499D-B9ED-65CE1ABE7CA4}.Debug|Any CPU.Build.0 = Debug|Any CPU
		{3404EE63-3AA0-499D-B9ED-65CE1ABE7CA4}.Release|Any CPU.ActiveCfg = Release|Any CPU
		{3404EE63-3AA0-499D-B9ED-65CE1ABE7CA4}.Release|Any CPU.Build.0 = Release|Any CPU
		{7CDCB35E-7632-4A5C-86F3-A68B98F07926}.Debug|Any CPU.ActiveCfg = Debug|Any CPU
		{7CDCB35E-7632-4A5C-86F3-A68B98F07926}.Debug|Any CPU.Build.0 = Debug|Any CPU
		{7CDCB35E-7632-4A5C-86F3-A68B98F07926}.Release|Any CPU.ActiveCfg = Release|Any CPU
		{7CDCB35E-7632-4A5C-86F3-A68B98F07926}.Release|Any CPU.Build.0 = Release|Any CPU
		{D0980AB3-3779-47A7-8AF0-23E86487DFEA}.Debug|Any CPU.ActiveCfg = Debug|Any CPU
		{D0980AB3-3779-47A7-8AF0-23E86487DFEA}.Debug|Any CPU.Build.0 = Debug|Any CPU
		{D0980AB3-3779-47A7-8AF0-23E86487DFEA}.Release|Any CPU.ActiveCfg = Release|Any CPU
		{D0980AB3-3779-47A7-8AF0-23E86487DFEA}.Release|Any CPU.Build.0 = Release|Any CPU
		{2670C431-1C07-4AAC-9BA0-32F215DDE088}.Debug|Any CPU.ActiveCfg = Debug|Any CPU
		{2670C431-1C07-4AAC-9BA0-32F215DDE088}.Debug|Any CPU.Build.0 = Debug|Any CPU
		{2670C431-1C07-4AAC-9BA0-32F215DDE088}.Release|Any CPU.ActiveCfg = Release|Any CPU
		{2670C431-1C07-4AAC-9BA0-32F215DDE088}.Release|Any CPU.Build.0 = Release|Any CPU
		{20F50C72-7AC3-4993-AC9C-9F1CD6DB2630}.Debug|Any CPU.ActiveCfg = Debug|Any CPU
		{20F50C72-7AC3-4993-AC9C-9F1CD6DB2630}.Debug|Any CPU.Build.0 = Debug|Any CPU
		{20F50C72-7AC3-4993-AC9C-9F1CD6DB2630}.Release|Any CPU.ActiveCfg = Release|Any CPU
		{20F50C72-7AC3-4993-AC9C-9F1CD6DB2630}.Release|Any CPU.Build.0 = Release|Any CPU
		{8AC1B1B4-81B1-4F5E-A8BA-F785D7C294CA}.Debug|Any CPU.ActiveCfg = Debug|Any CPU
		{8AC1B1B4-81B1-4F5E-A8BA-F785D7C294CA}.Debug|Any CPU.Build.0 = Debug|Any CPU
		{8AC1B1B4-81B1-4F5E-A8BA-F785D7C294CA}.Release|Any CPU.ActiveCfg = Release|Any CPU
		{8AC1B1B4-81B1-4F5E-A8BA-F785D7C294CA}.Release|Any CPU.Build.0 = Release|Any CPU
		{AE99AF7D-A4DA-417B-A1AC-12116DE1F06C}.Debug|Any CPU.ActiveCfg = Debug|Any CPU
		{AE99AF7D-A4DA-417B-A1AC-12116DE1F06C}.Debug|Any CPU.Build.0 = Debug|Any CPU
		{AE99AF7D-A4DA-417B-A1AC-12116DE1F06C}.Release|Any CPU.ActiveCfg = Release|Any CPU
		{AE99AF7D-A4DA-417B-A1AC-12116DE1F06C}.Release|Any CPU.Build.0 = Release|Any CPU
		{C0A872F8-DF77-4A1F-8E93-61E5C16A7FB9}.Debug|Any CPU.ActiveCfg = Debug|Any CPU
		{C0A872F8-DF77-4A1F-8E93-61E5C16A7FB9}.Debug|Any CPU.Build.0 = Debug|Any CPU
		{C0A872F8-DF77-4A1F-8E93-61E5C16A7FB9}.Release|Any CPU.ActiveCfg = Release|Any CPU
		{C0A872F8-DF77-4A1F-8E93-61E5C16A7FB9}.Release|Any CPU.Build.0 = Release|Any CPU
		{6336143E-7F46-46EA-9442-3B46A1993B0C}.Debug|Any CPU.ActiveCfg = Debug|Any CPU
		{6336143E-7F46-46EA-9442-3B46A1993B0C}.Debug|Any CPU.Build.0 = Debug|Any CPU
		{6336143E-7F46-46EA-9442-3B46A1993B0C}.Release|Any CPU.ActiveCfg = Release|Any CPU
		{6336143E-7F46-46EA-9442-3B46A1993B0C}.Release|Any CPU.Build.0 = Release|Any CPU
		{CDE1D3B0-A8BA-4417-902E-9CC57AF6C51C}.Debug|Any CPU.ActiveCfg = Debug|Any CPU
		{CDE1D3B0-A8BA-4417-902E-9CC57AF6C51C}.Debug|Any CPU.Build.0 = Debug|Any CPU
		{CDE1D3B0-A8BA-4417-902E-9CC57AF6C51C}.Release|Any CPU.ActiveCfg = Release|Any CPU
		{CDE1D3B0-A8BA-4417-902E-9CC57AF6C51C}.Release|Any CPU.Build.0 = Release|Any CPU
		{F21CCDD9-E2B0-40D7-9C2A-2853BA97FF44}.Debug|Any CPU.ActiveCfg = Debug|Any CPU
		{F21CCDD9-E2B0-40D7-9C2A-2853BA97FF44}.Debug|Any CPU.Build.0 = Debug|Any CPU
		{F21CCDD9-E2B0-40D7-9C2A-2853BA97FF44}.Release|Any CPU.ActiveCfg = Release|Any CPU
		{F21CCDD9-E2B0-40D7-9C2A-2853BA97FF44}.Release|Any CPU.Build.0 = Release|Any CPU
	EndGlobalSection
	GlobalSection(SolutionProperties) = preSolution
		HideSolutionNode = FALSE
	EndGlobalSection
	GlobalSection(NestedProjects) = preSolution
		{788300C2-048F-495B-9463-98623E0195FB} = {65DB8C86-E20B-4CE0-8056-B2C006C89420}
		{3A5BE57E-388B-4398-BF4B-B589E67BDF6D} = {65DB8C86-E20B-4CE0-8056-B2C006C89420}
		{1CF6F1EF-D1B3-4943-9BDE-62053C316D7C} = {65DB8C86-E20B-4CE0-8056-B2C006C89420}
		{164E34BF-3658-47D5-8838-703AACFE322D} = {03522EF4-4D69-4BF7-8643-F83F42EED1AB}
		{BD31D819-C283-4655-84E1-0E5B07E5BA86} = {03522EF4-4D69-4BF7-8643-F83F42EED1AB}
		{A950E384-1D07-42DC-A734-ACCD29A7C577} = {03522EF4-4D69-4BF7-8643-F83F42EED1AB}
		{06F2A710-A351-4EC2-879F-8438EE5614B2} = {BACA14A7-26D9-4953-8BF3-0538D7579B1E}
		{A6DDF404-2C94-459A-B75D-9881C4AD8042} = {BACA14A7-26D9-4953-8BF3-0538D7579B1E}
		{40811FE9-7F62-4175-8234-B12B270BA585} = {BACA14A7-26D9-4953-8BF3-0538D7579B1E}
		{F0A46EBA-BDD0-4FDF-B56B-CFDE45489259} = {919EF613-D346-41C0-8EE8-69A0C7CC6659}
		{3404EE63-3AA0-499D-B9ED-65CE1ABE7CA4} = {919EF613-D346-41C0-8EE8-69A0C7CC6659}
		{7CDCB35E-7632-4A5C-86F3-A68B98F07926} = {919EF613-D346-41C0-8EE8-69A0C7CC6659}
		{D0980AB3-3779-47A7-8AF0-23E86487DFEA} = {1204C38E-0D02-4ED4-9CA0-70335561808B}
		{2670C431-1C07-4AAC-9BA0-32F215DDE088} = {1204C38E-0D02-4ED4-9CA0-70335561808B}
		{20F50C72-7AC3-4993-AC9C-9F1CD6DB2630} = {1204C38E-0D02-4ED4-9CA0-70335561808B}
		{8AC1B1B4-81B1-4F5E-A8BA-F785D7C294CA} = {1D4540FF-622E-450C-8182-5D09F4A38999}
		{AE99AF7D-A4DA-417B-A1AC-12116DE1F06C} = {1D4540FF-622E-450C-8182-5D09F4A38999}
		{C0A872F8-DF77-4A1F-8E93-61E5C16A7FB9} = {1D4540FF-622E-450C-8182-5D09F4A38999}
		{6336143E-7F46-46EA-9442-3B46A1993B0C} = {DBC9E7DF-8090-4156-8CA6-161A78291664}
		{CDE1D3B0-A8BA-4417-902E-9CC57AF6C51C} = {DBC9E7DF-8090-4156-8CA6-161A78291664}
		{F21CCDD9-E2B0-40D7-9C2A-2853BA97FF44} = {DBC9E7DF-8090-4156-8CA6-161A78291664}
	EndGlobalSection
	GlobalSection(ExtensibilityGlobals) = postSolution
		SolutionGuid = {BAEE8431-6772-4A8F-8305-376CD0B7E559}
	EndGlobalSection
EndGlobal
